
Microsoft Visual Studio Solution File, Format Version 12.00
# Visual Studio 15
Project("{FAE04EC0-301F-11D3-BF4B-00C04F79EFBC}") = "Nunit_ADP_Test_Demo", "Nunit_ADP_Test_Demo\Nunit_ADP_Test_Demo.csproj", "{59E68DE9-CD70-4376-9E66-44E333FE7049}"
EndProject
Global
	GlobalSection(SolutionConfigurationPlatforms) = preSolution
		Debug|Any CPU = Debug|Any CPU
		Release|Any CPU = Release|Any CPU
	EndGlobalSection
	GlobalSection(ProjectConfigurationPlatforms) = postSolution
		{59E68DE9-CD70-4376-9E66-44E333FE7049}.Debug|Any CPU.ActiveCfg = Debug|Any CPU
		{59E68DE9-CD70-4376-9E66-44E333FE7049}.Debug|Any CPU.Build.0 = Debug|Any CPU
		{59E68DE9-CD70-4376-9E66-44E333FE7049}.Release|Any CPU.ActiveCfg = Release|Any CPU
		{59E68DE9-CD70-4376-9E66-44E333FE7049}.Release|Any CPU.Build.0 = Release|Any CPU
	EndGlobalSection
EndGlobal
